// !$*UTF8*$!
{
	archiveVersion = 1;
	classes = {
	};
	objectVersion = 56;
	objects = {

/* Begin PBXBuildFile section */
		22082D702A4D893200B5520B /* MemesApp.swift in Sources */ = {isa = PBXBuildFile; fileRef = 22082D6F2A4D893200B5520B /* MemesApp.swift */; };
		22082D722A4D893200B5520B /* ContentView.swift in Sources */ = {isa = PBXBuildFile; fileRef = 22082D712A4D893200B5520B /* ContentView.swift */; };
		22082D742A4D893300B5520B /* Assets.xcassets in Resources */ = {isa = PBXBuildFile; fileRef = 22082D732A4D893300B5520B /* Assets.xcassets */; };
		22082D772A4D893300B5520B /* Preview Assets.xcassets in Resources */ = {isa = PBXBuildFile; fileRef = 22082D762A4D893300B5520B /* Preview Assets.xcassets */; };
		2280323E2A4DD72300BB501C /* MemeModel.swift in Sources */ = {isa = PBXBuildFile; fileRef = 2280323D2A4DD72300BB501C /* MemeModel.swift */; };
		228032402A4DD84600BB501C /* egg.mp4 in Resources */ = {isa = PBXBuildFile; fileRef = 2280323F2A4DD84600BB501C /* egg.mp4 */; };
		228032442A4DD91500BB501C /* kairosh1.png in Resources */ = {isa = PBXBuildFile; fileRef = 228032432A4DD91400BB501C /* kairosh1.png */; };
		228032462A4DDA5400BB501C /* AVPlayerViewWrapper.swift in Sources */ = {isa = PBXBuildFile; fileRef = 228032452A4DDA5400BB501C /* AVPlayerViewWrapper.swift */; };
		2280324A2A4DEC5100BB501C /* didar.mp4 in Resources */ = {isa = PBXBuildFile; fileRef = 228032492A4DEC5100BB501C /* didar.mp4 */; };
		228032542A4E069A00BB501C /* aktau_sila.mp4 in Resources */ = {isa = PBXBuildFile; fileRef = 2280324B2A4E069A00BB501C /* aktau_sila.mp4 */; };
		228032552A4E069A00BB501C /* chotam.mp4 in Resources */ = {isa = PBXBuildFile; fileRef = 2280324C2A4E069A00BB501C /* chotam.mp4 */; };
		228032562A4E069A00BB501C /* bas_shu.mp4 in Resources */ = {isa = PBXBuildFile; fileRef = 2280324D2A4E069A00BB501C /* bas_shu.mp4 */; };
		228032572A4E069A00BB501C /* bank_kartoshkasy.mp4 in Resources */ = {isa = PBXBuildFile; fileRef = 2280324E2A4E069A00BB501C /* bank_kartoshkasy.mp4 */; };
		228032582A4E069A00BB501C /* sorpa.mp4 in Resources */ = {isa = PBXBuildFile; fileRef = 2280324F2A4E069A00BB501C /* sorpa.mp4 */; };
		228032592A4E069A00BB501C /* rinat.mp4 in Resources */ = {isa = PBXBuildFile; fileRef = 228032502A4E069A00BB501C /* rinat.mp4 */; };
		2280325A2A4E069A00BB501C /* kaban.mp4 in Resources */ = {isa = PBXBuildFile; fileRef = 228032512A4E069A00BB501C /* kaban.mp4 */; };
		2280325B2A4E069A00BB501C /* menin_omirim.mp4 in Resources */ = {isa = PBXBuildFile; fileRef = 228032522A4E069A00BB501C /* menin_omirim.mp4 */; };
		2280325C2A4E069A00BB501C /* shashlyk.mp4 in Resources */ = {isa = PBXBuildFile; fileRef = 228032532A4E069A00BB501C /* shashlyk.mp4 */; };
		228032612A4E213D00BB501C /* MemeCollectionView.swift in Sources */ = {isa = PBXBuildFile; fileRef = 228032602A4E213D00BB501C /* MemeCollectionView.swift */; };
		228032632A4E215F00BB501C /* MemeCardView.swift in Sources */ = {isa = PBXBuildFile; fileRef = 228032622A4E215F00BB501C /* MemeCardView.swift */; };
		228032692A4E282E00BB501C /* CategoryCollectionView.swift in Sources */ = {isa = PBXBuildFile; fileRef = 228032682A4E282E00BB501C /* CategoryCollectionView.swift */; };
		2280326B2A4E286B00BB501C /* CategoryModel.swift in Sources */ = {isa = PBXBuildFile; fileRef = 2280326A2A4E286B00BB501C /* CategoryModel.swift */; };
		2280326D2A4E291C00BB501C /* CategoryCollectionViewCell.swift in Sources */ = {isa = PBXBuildFile; fileRef = 2280326C2A4E291C00BB501C /* CategoryCollectionViewCell.swift */; };
		2280328C2A4E5E8100BB501C /* mickey_donald.mp4 in Resources */ = {isa = PBXBuildFile; fileRef = 228032822A4E5E8100BB501C /* mickey_donald.mp4 */; };
		2280328E2A4E5E8100BB501C /* kairat__cut.mp4 in Resources */ = {isa = PBXBuildFile; fileRef = 228032842A4E5E8100BB501C /* kairat__cut.mp4 */; };
		2280328F2A4E5E8100BB501C /* aminepohi.mp4 in Resources */ = {isa = PBXBuildFile; fileRef = 228032852A4E5E8100BB501C /* aminepohi.mp4 */; };
		228032902A4E5E8100BB501C /* milord.mp4 in Resources */ = {isa = PBXBuildFile; fileRef = 228032862A4E5E8100BB501C /* milord.mp4 */; };
		228032912A4E5E8100BB501C /* taswhite.mp4 in Resources */ = {isa = PBXBuildFile; fileRef = 228032872A4E5E8100BB501C /* taswhite.mp4 */; };
		228032922A4E5E8100BB501C /* nihaoma.mp4 in Resources */ = {isa = PBXBuildFile; fileRef = 228032882A4E5E8100BB501C /* nihaoma.mp4 */; };
		228032932A4E5E8100BB501C /* nan_cut.mp4 in Resources */ = {isa = PBXBuildFile; fileRef = 228032892A4E5E8100BB501C /* nan_cut.mp4 */; };
		228032942A4E5E8100BB501C /* sb.mp4 in Resources */ = {isa = PBXBuildFile; fileRef = 2280328A2A4E5E8100BB501C /* sb.mp4 */; };
		228032952A4E5E8100BB501C /* benzema.mp4 in Resources */ = {isa = PBXBuildFile; fileRef = 2280328B2A4E5E8100BB501C /* benzema.mp4 */; };
		228032972A4E62BB00BB501C /* shrek_cut.mp4 in Resources */ = {isa = PBXBuildFile; fileRef = 228032962A4E62BB00BB501C /* shrek_cut.mp4 */; };
/* End PBXBuildFile section */

/* Begin PBXFileReference section */
		22082D6C2A4D893200B5520B /* Memes.app */ = {isa = PBXFileReference; explicitFileType = wrapper.application; includeInIndex = 0; path = Memes.app; sourceTree = BUILT_PRODUCTS_DIR; };
		22082D6F2A4D893200B5520B /* MemesApp.swift */ = {isa = PBXFileReference; lastKnownFileType = sourcecode.swift; path = MemesApp.swift; sourceTree = "<group>"; };
		22082D712A4D893200B5520B /* ContentView.swift */ = {isa = PBXFileReference; lastKnownFileType = sourcecode.swift; path = ContentView.swift; sourceTree = "<group>"; };
		22082D732A4D893300B5520B /* Assets.xcassets */ = {isa = PBXFileReference; lastKnownFileType = folder.assetcatalog; path = Assets.xcassets; sourceTree = "<group>"; };
		22082D762A4D893300B5520B /* Preview Assets.xcassets */ = {isa = PBXFileReference; lastKnownFileType = folder.assetcatalog; path = "Preview Assets.xcassets"; sourceTree = "<group>"; };
		2280323D2A4DD72300BB501C /* MemeModel.swift */ = {isa = PBXFileReference; lastKnownFileType = sourcecode.swift; path = MemeModel.swift; sourceTree = "<group>"; };
		2280323F2A4DD84600BB501C /* egg.mp4 */ = {isa = PBXFileReference; lastKnownFileType = file; path = egg.mp4; sourceTree = "<group>"; };
		228032432A4DD91400BB501C /* kairosh1.png */ = {isa = PBXFileReference; lastKnownFileType = image.png; path = kairosh1.png; sourceTree = "<group>"; };
		228032452A4DDA5400BB501C /* AVPlayerViewWrapper.swift */ = {isa = PBXFileReference; lastKnownFileType = sourcecode.swift; path = AVPlayerViewWrapper.swift; sourceTree = "<group>"; };
		228032492A4DEC5100BB501C /* didar.mp4 */ = {isa = PBXFileReference; lastKnownFileType = file; path = didar.mp4; sourceTree = "<group>"; };
		2280324B2A4E069A00BB501C /* aktau_sila.mp4 */ = {isa = PBXFileReference; lastKnownFileType = file; path = aktau_sila.mp4; sourceTree = "<group>"; };
		2280324C2A4E069A00BB501C /* chotam.mp4 */ = {isa = PBXFileReference; lastKnownFileType = file; path = chotam.mp4; sourceTree = "<group>"; };
		2280324D2A4E069A00BB501C /* bas_shu.mp4 */ = {isa = PBXFileReference; lastKnownFileType = file; path = bas_shu.mp4; sourceTree = "<group>"; };
		2280324E2A4E069A00BB501C /* bank_kartoshkasy.mp4 */ = {isa = PBXFileReference; lastKnownFileType = file; path = bank_kartoshkasy.mp4; sourceTree = "<group>"; };
		2280324F2A4E069A00BB501C /* sorpa.mp4 */ = {isa = PBXFileReference; lastKnownFileType = file; path = sorpa.mp4; sourceTree = "<group>"; };
		228032502A4E069A00BB501C /* rinat.mp4 */ = {isa = PBXFileReference; lastKnownFileType = file; path = rinat.mp4; sourceTree = "<group>"; };
		228032512A4E069A00BB501C /* kaban.mp4 */ = {isa = PBXFileReference; lastKnownFileType = file; path = kaban.mp4; sourceTree = "<group>"; };
		228032522A4E069A00BB501C /* menin_omirim.mp4 */ = {isa = PBXFileReference; lastKnownFileType = file; path = menin_omirim.mp4; sourceTree = "<group>"; };
		228032532A4E069A00BB501C /* shashlyk.mp4 */ = {isa = PBXFileReference; lastKnownFileType = file; path = shashlyk.mp4; sourceTree = "<group>"; };
		228032602A4E213D00BB501C /* MemeCollectionView.swift */ = {isa = PBXFileReference; lastKnownFileType = sourcecode.swift; path = MemeCollectionView.swift; sourceTree = "<group>"; };
		228032622A4E215F00BB501C /* MemeCardView.swift */ = {isa = PBXFileReference; lastKnownFileType = sourcecode.swift; path = MemeCardView.swift; sourceTree = "<group>"; };
		228032682A4E282E00BB501C /* CategoryCollectionView.swift */ = {isa = PBXFileReference; lastKnownFileType = sourcecode.swift; path = CategoryCollectionView.swift; sourceTree = "<group>"; };
		2280326A2A4E286B00BB501C /* CategoryModel.swift */ = {isa = PBXFileReference; lastKnownFileType = sourcecode.swift; path = CategoryModel.swift; sourceTree = "<group>"; };
		2280326C2A4E291C00BB501C /* CategoryCollectionViewCell.swift */ = {isa = PBXFileReference; lastKnownFileType = sourcecode.swift; path = CategoryCollectionViewCell.swift; sourceTree = "<group>"; };
		228032822A4E5E8100BB501C /* mickey_donald.mp4 */ = {isa = PBXFileReference; lastKnownFileType = file; path = mickey_donald.mp4; sourceTree = "<group>"; };
		228032842A4E5E8100BB501C /* kairat__cut.mp4 */ = {isa = PBXFileReference; lastKnownFileType = file; path = kairat__cut.mp4; sourceTree = "<group>"; };
		228032852A4E5E8100BB501C /* aminepohi.mp4 */ = {isa = PBXFileReference; lastKnownFileType = file; path = aminepohi.mp4; sourceTree = "<group>"; };
		228032862A4E5E8100BB501C /* milord.mp4 */ = {isa = PBXFileReference; lastKnownFileType = file; path = milord.mp4; sourceTree = "<group>"; };
		228032872A4E5E8100BB501C /* taswhite.mp4 */ = {isa = PBXFileReference; lastKnownFileType = file; path = taswhite.mp4; sourceTree = "<group>"; };
		228032882A4E5E8100BB501C /* nihaoma.mp4 */ = {isa = PBXFileReference; lastKnownFileType = file; path = nihaoma.mp4; sourceTree = "<group>"; };
		228032892A4E5E8100BB501C /* nan_cut.mp4 */ = {isa = PBXFileReference; lastKnownFileType = file; path = nan_cut.mp4; sourceTree = "<group>"; };
		2280328A2A4E5E8100BB501C /* sb.mp4 */ = {isa = PBXFileReference; lastKnownFileType = file; path = sb.mp4; sourceTree = "<group>"; };
		2280328B2A4E5E8100BB501C /* benzema.mp4 */ = {isa = PBXFileReference; lastKnownFileType = file; path = benzema.mp4; sourceTree = "<group>"; };
		228032962A4E62BB00BB501C /* shrek_cut.mp4 */ = {isa = PBXFileReference; lastKnownFileType = file; path = shrek_cut.mp4; sourceTree = "<group>"; };
/* End PBXFileReference section */

/* Begin PBXFrameworksBuildPhase section */
		22082D692A4D893200B5520B /* Frameworks */ = {
			isa = PBXFrameworksBuildPhase;
			buildActionMask = 2147483647;
			files = (
			);
			runOnlyForDeploymentPostprocessing = 0;
		};
/* End PBXFrameworksBuildPhase section */

/* Begin PBXGroup section */
		22082D632A4D893200B5520B = {
			isa = PBXGroup;
			children = (
				22082D6E2A4D893200B5520B /* Memes */,
				22082D6D2A4D893200B5520B /* Products */,
			);
			sourceTree = "<group>";
		};
		22082D6D2A4D893200B5520B /* Products */ = {
			isa = PBXGroup;
			children = (
				22082D6C2A4D893200B5520B /* Memes.app */,
			);
			name = Products;
			sourceTree = "<group>";
		};
		22082D6E2A4D893200B5520B /* Memes */ = {
			isa = PBXGroup;
			children = (
				2280325F2A4E210500BB501C /* Views */,
				2280325E2A4E1EFE00BB501C /* Models */,
				2280325D2A4E1EB700BB501C /* MemeVideos */,
				22082D6F2A4D893200B5520B /* MemesApp.swift */,
				22082D712A4D893200B5520B /* ContentView.swift */,
				22082D732A4D893300B5520B /* Assets.xcassets */,
				22082D752A4D893300B5520B /* Preview Content */,
			);
			path = Memes;
			sourceTree = "<group>";
		};
		22082D752A4D893300B5520B /* Preview Content */ = {
			isa = PBXGroup;
			children = (
				228032432A4DD91400BB501C /* kairosh1.png */,
				22082D762A4D893300B5520B /* Preview Assets.xcassets */,
			);
			path = "Preview Content";
			sourceTree = "<group>";
		};
		2280325D2A4E1EB700BB501C /* MemeVideos */ = {
			isa = PBXGroup;
			children = (
				228032962A4E62BB00BB501C /* shrek_cut.mp4 */,
				228032852A4E5E8100BB501C /* aminepohi.mp4 */,
				2280328B2A4E5E8100BB501C /* benzema.mp4 */,
				228032842A4E5E8100BB501C /* kairat__cut.mp4 */,
				228032822A4E5E8100BB501C /* mickey_donald.mp4 */,
				228032862A4E5E8100BB501C /* milord.mp4 */,
				228032892A4E5E8100BB501C /* nan_cut.mp4 */,
				228032882A4E5E8100BB501C /* nihaoma.mp4 */,
				2280328A2A4E5E8100BB501C /* sb.mp4 */,
				228032872A4E5E8100BB501C /* taswhite.mp4 */,
				2280324B2A4E069A00BB501C /* aktau_sila.mp4 */,
				2280324E2A4E069A00BB501C /* bank_kartoshkasy.mp4 */,
				2280324D2A4E069A00BB501C /* bas_shu.mp4 */,
				2280324C2A4E069A00BB501C /* chotam.mp4 */,
				228032512A4E069A00BB501C /* kaban.mp4 */,
				228032522A4E069A00BB501C /* menin_omirim.mp4 */,
				228032502A4E069A00BB501C /* rinat.mp4 */,
				228032532A4E069A00BB501C /* shashlyk.mp4 */,
				2280324F2A4E069A00BB501C /* sorpa.mp4 */,
				228032492A4DEC5100BB501C /* didar.mp4 */,
				2280323F2A4DD84600BB501C /* egg.mp4 */,
			);
			path = MemeVideos;
			sourceTree = "<group>";
		};
		2280325E2A4E1EFE00BB501C /* Models */ = {
			isa = PBXGroup;
			children = (
				2280323D2A4DD72300BB501C /* MemeModel.swift */,
				2280326A2A4E286B00BB501C /* CategoryModel.swift */,
			);
			path = Models;
			sourceTree = "<group>";
		};
		2280325F2A4E210500BB501C /* Views */ = {
			isa = PBXGroup;
			children = (
				228032452A4DDA5400BB501C /* AVPlayerViewWrapper.swift */,
				228032602A4E213D00BB501C /* MemeCollectionView.swift */,
				228032622A4E215F00BB501C /* MemeCardView.swift */,
				228032682A4E282E00BB501C /* CategoryCollectionView.swift */,
				2280326C2A4E291C00BB501C /* CategoryCollectionViewCell.swift */,
			);
			path = Views;
			sourceTree = "<group>";
		};
/* End PBXGroup section */

/* Begin PBXNativeTarget section */
		22082D6B2A4D893200B5520B /* Memes */ = {
			isa = PBXNativeTarget;
			buildConfigurationList = 22082D7A2A4D893300B5520B /* Build configuration list for PBXNativeTarget "Memes" */;
			buildPhases = (
				22082D682A4D893200B5520B /* Sources */,
				22082D692A4D893200B5520B /* Frameworks */,
				22082D6A2A4D893200B5520B /* Resources */,
			);
			buildRules = (
			);
			dependencies = (
			);
			name = Memes;
			productName = Memes;
			productReference = 22082D6C2A4D893200B5520B /* Memes.app */;
			productType = "com.apple.product-type.application";
		};
/* End PBXNativeTarget section */

/* Begin PBXProject section */
		22082D642A4D893200B5520B /* Project object */ = {
			isa = PBXProject;
			attributes = {
				BuildIndependentTargetsInParallel = 1;
				LastSwiftUpdateCheck = 1430;
				LastUpgradeCheck = 1430;
				TargetAttributes = {
					22082D6B2A4D893200B5520B = {
						CreatedOnToolsVersion = 14.3.1;
					};
				};
			};
			buildConfigurationList = 22082D672A4D893200B5520B /* Build configuration list for PBXProject "Memes" */;
			compatibilityVersion = "Xcode 14.0";
			developmentRegion = en;
			hasScannedForEncodings = 0;
			knownRegions = (
				en,
				Base,
			);
			mainGroup = 22082D632A4D893200B5520B;
			productRefGroup = 22082D6D2A4D893200B5520B /* Products */;
			projectDirPath = "";
			projectRoot = "";
			targets = (
				22082D6B2A4D893200B5520B /* Memes */,
			);
		};
/* End PBXProject section */

/* Begin PBXResourcesBuildPhase section */
		22082D6A2A4D893200B5520B /* Resources */ = {
			isa = PBXResourcesBuildPhase;
			buildActionMask = 2147483647;
			files = (
				228032542A4E069A00BB501C /* aktau_sila.mp4 in Resources */,
				2280328C2A4E5E8100BB501C /* mickey_donald.mp4 in Resources */,
				228032922A4E5E8100BB501C /* nihaoma.mp4 in Resources */,
				228032402A4DD84600BB501C /* egg.mp4 in Resources */,
				228032972A4E62BB00BB501C /* shrek_cut.mp4 in Resources */,
				22082D772A4D893300B5520B /* Preview Assets.xcassets in Resources */,
				228032442A4DD91500BB501C /* kairosh1.png in Resources */,
				2280325C2A4E069A00BB501C /* shashlyk.mp4 in Resources */,
				228032932A4E5E8100BB501C /* nan_cut.mp4 in Resources */,
				228032552A4E069A00BB501C /* chotam.mp4 in Resources */,
				228032912A4E5E8100BB501C /* taswhite.mp4 in Resources */,
				228032592A4E069A00BB501C /* rinat.mp4 in Resources */,
				228032952A4E5E8100BB501C /* benzema.mp4 in Resources */,
				228032572A4E069A00BB501C /* bank_kartoshkasy.mp4 in Resources */,
				2280328F2A4E5E8100BB501C /* aminepohi.mp4 in Resources */,
				2280325B2A4E069A00BB501C /* menin_omirim.mp4 in Resources */,
				228032562A4E069A00BB501C /* bas_shu.mp4 in Resources */,
				228032582A4E069A00BB501C /* sorpa.mp4 in Resources */,
				228032902A4E5E8100BB501C /* milord.mp4 in Resources */,
				2280325A2A4E069A00BB501C /* kaban.mp4 in Resources */,
				2280328E2A4E5E8100BB501C /* kairat__cut.mp4 in Resources */,
				228032942A4E5E8100BB501C /* sb.mp4 in Resources */,
				2280324A2A4DEC5100BB501C /* didar.mp4 in Resources */,
				22082D742A4D893300B5520B /* Assets.xcassets in Resources */,
			);
			runOnlyForDeploymentPostprocessing = 0;
		};
/* End PBXResourcesBuildPhase section */

/* Begin PBXSourcesBuildPhase section */
		22082D682A4D893200B5520B /* Sources */ = {
			isa = PBXSourcesBuildPhase;
			buildActionMask = 2147483647;
			files = (
				228032462A4DDA5400BB501C /* AVPlayerViewWrapper.swift in Sources */,
				228032692A4E282E00BB501C /* CategoryCollectionView.swift in Sources */,
				22082D722A4D893200B5520B /* ContentView.swift in Sources */,
				2280323E2A4DD72300BB501C /* MemeModel.swift in Sources */,
				2280326D2A4E291C00BB501C /* CategoryCollectionViewCell.swift in Sources */,
				22082D702A4D893200B5520B /* MemesApp.swift in Sources */,
				2280326B2A4E286B00BB501C /* CategoryModel.swift in Sources */,
				228032632A4E215F00BB501C /* MemeCardView.swift in Sources */,
				228032612A4E213D00BB501C /* MemeCollectionView.swift in Sources */,
			);
			runOnlyForDeploymentPostprocessing = 0;
		};
/* End PBXSourcesBuildPhase section */

/* Begin XCBuildConfiguration section */
		22082D782A4D893300B5520B /* Debug */ = {
			isa = XCBuildConfiguration;
			buildSettings = {
				ALWAYS_SEARCH_USER_PATHS = NO;
				CLANG_ANALYZER_NONNULL = YES;
				CLANG_ANALYZER_NUMBER_OBJECT_CONVERSION = YES_AGGRESSIVE;
				CLANG_CXX_LANGUAGE_STANDARD = "gnu++20";
				CLANG_ENABLE_MODULES = YES;
				CLANG_ENABLE_OBJC_ARC = YES;
				CLANG_ENABLE_OBJC_WEAK = YES;
				CLANG_WARN_BLOCK_CAPTURE_AUTORELEASING = YES;
				CLANG_WARN_BOOL_CONVERSION = YES;
				CLANG_WARN_COMMA = YES;
				CLANG_WARN_CONSTANT_CONVERSION = YES;
				CLANG_WARN_DEPRECATED_OBJC_IMPLEMENTATIONS = YES;
				CLANG_WARN_DIRECT_OBJC_ISA_USAGE = YES_ERROR;
				CLANG_WARN_DOCUMENTATION_COMMENTS = YES;
				CLANG_WARN_EMPTY_BODY = YES;
				CLANG_WARN_ENUM_CONVERSION = YES;
				CLANG_WARN_INFINITE_RECURSION = YES;
				CLANG_WARN_INT_CONVERSION = YES;
				CLANG_WARN_NON_LITERAL_NULL_CONVERSION = YES;
				CLANG_WARN_OBJC_IMPLICIT_RETAIN_SELF = YES;
				CLANG_WARN_OBJC_LITERAL_CONVERSION = YES;
				CLANG_WARN_OBJC_ROOT_CLASS = YES_ERROR;
				CLANG_WARN_QUOTED_INCLUDE_IN_FRAMEWORK_HEADER = YES;
				CLANG_WARN_RANGE_LOOP_ANALYSIS = YES;
				CLANG_WARN_STRICT_PROTOTYPES = YES;
				CLANG_WARN_SUSPICIOUS_MOVE = YES;
				CLANG_WARN_UNGUARDED_AVAILABILITY = YES_AGGRESSIVE;
				CLANG_WARN_UNREACHABLE_CODE = YES;
				CLANG_WARN__DUPLICATE_METHOD_MATCH = YES;
				COPY_PHASE_STRIP = NO;
				DEBUG_INFORMATION_FORMAT = dwarf;
				ENABLE_STRICT_OBJC_MSGSEND = YES;
				ENABLE_TESTABILITY = YES;
				GCC_C_LANGUAGE_STANDARD = gnu11;
				GCC_DYNAMIC_NO_PIC = NO;
				GCC_NO_COMMON_BLOCKS = YES;
				GCC_OPTIMIZATION_LEVEL = 0;
				GCC_PREPROCESSOR_DEFINITIONS = (
					"DEBUG=1",
					"$(inherited)",
				);
				GCC_WARN_64_TO_32_BIT_CONVERSION = YES;
				GCC_WARN_ABOUT_RETURN_TYPE = YES_ERROR;
				GCC_WARN_UNDECLARED_SELECTOR = YES;
				GCC_WARN_UNINITIALIZED_AUTOS = YES_AGGRESSIVE;
				GCC_WARN_UNUSED_FUNCTION = YES;
				GCC_WARN_UNUSED_VARIABLE = YES;
				IPHONEOS_DEPLOYMENT_TARGET = 16.4;
				MTL_ENABLE_DEBUG_INFO = INCLUDE_SOURCE;
				MTL_FAST_MATH = YES;
				ONLY_ACTIVE_ARCH = YES;
				SDKROOT = iphoneos;
				SWIFT_ACTIVE_COMPILATION_CONDITIONS = DEBUG;
				SWIFT_OPTIMIZATION_LEVEL = "-Onone";
			};
			name = Debug;
		};
		22082D792A4D893300B5520B /* Release */ = {
			isa = XCBuildConfiguration;
			buildSettings = {
				ALWAYS_SEARCH_USER_PATHS = NO;
				CLANG_ANALYZER_NONNULL = YES;
				CLANG_ANALYZER_NUMBER_OBJECT_CONVERSION = YES_AGGRESSIVE;
				CLANG_CXX_LANGUAGE_STANDARD = "gnu++20";
				CLANG_ENABLE_MODULES = YES;
				CLANG_ENABLE_OBJC_ARC = YES;
				CLANG_ENABLE_OBJC_WEAK = YES;
				CLANG_WARN_BLOCK_CAPTURE_AUTORELEASING = YES;
				CLANG_WARN_BOOL_CONVERSION = YES;
				CLANG_WARN_COMMA = YES;
				CLANG_WARN_CONSTANT_CONVERSION = YES;
				CLANG_WARN_DEPRECATED_OBJC_IMPLEMENTATIONS = YES;
				CLANG_WARN_DIRECT_OBJC_ISA_USAGE = YES_ERROR;
				CLANG_WARN_DOCUMENTATION_COMMENTS = YES;
				CLANG_WARN_EMPTY_BODY = YES;
				CLANG_WARN_ENUM_CONVERSION = YES;
				CLANG_WARN_INFINITE_RECURSION = YES;
				CLANG_WARN_INT_CONVERSION = YES;
				CLANG_WARN_NON_LITERAL_NULL_CONVERSION = YES;
				CLANG_WARN_OBJC_IMPLICIT_RETAIN_SELF = YES;
				CLANG_WARN_OBJC_LITERAL_CONVERSION = YES;
				CLANG_WARN_OBJC_ROOT_CLASS = YES_ERROR;
				CLANG_WARN_QUOTED_INCLUDE_IN_FRAMEWORK_HEADER = YES;
				CLANG_WARN_RANGE_LOOP_ANALYSIS = YES;
				CLANG_WARN_STRICT_PROTOTYPES = YES;
				CLANG_WARN_SUSPICIOUS_MOVE = YES;
				CLANG_WARN_UNGUARDED_AVAILABILITY = YES_AGGRESSIVE;
				CLANG_WARN_UNREACHABLE_CODE = YES;
				CLANG_WARN__DUPLICATE_METHOD_MATCH = YES;
				COPY_PHASE_STRIP = NO;
				DEBUG_INFORMATION_FORMAT = "dwarf-with-dsym";
				ENABLE_NS_ASSERTIONS = NO;
				ENABLE_STRICT_OBJC_MSGSEND = YES;
				GCC_C_LANGUAGE_STANDARD = gnu11;
				GCC_NO_COMMON_BLOCKS = YES;
				GCC_WARN_64_TO_32_BIT_CONVERSION = YES;
				GCC_WARN_ABOUT_RETURN_TYPE = YES_ERROR;
				GCC_WARN_UNDECLARED_SELECTOR = YES;
				GCC_WARN_UNINITIALIZED_AUTOS = YES_AGGRESSIVE;
				GCC_WARN_UNUSED_FUNCTION = YES;
				GCC_WARN_UNUSED_VARIABLE = YES;
				IPHONEOS_DEPLOYMENT_TARGET = 16.4;
				MTL_ENABLE_DEBUG_INFO = NO;
				MTL_FAST_MATH = YES;
				SDKROOT = iphoneos;
				SWIFT_COMPILATION_MODE = wholemodule;
				SWIFT_OPTIMIZATION_LEVEL = "-O";
				VALIDATE_PRODUCT = YES;
			};
			name = Release;
		};
		22082D7B2A4D893300B5520B /* Debug */ = {
			isa = XCBuildConfiguration;
			buildSettings = {
				ASSETCATALOG_COMPILER_APPICON_NAME = AppIcon;
				ASSETCATALOG_COMPILER_GLOBAL_ACCENT_COLOR_NAME = AccentColor;
				CODE_SIGN_STYLE = Automatic;
				CURRENT_PROJECT_VERSION = 1;
				DEVELOPMENT_ASSET_PATHS = "\"Memes/Preview Content\"";
				DEVELOPMENT_TEAM = 6Z4T776DC3;
				ENABLE_PREVIEWS = YES;
				GENERATE_INFOPLIST_FILE = YES;
				INFOPLIST_KEY_UIApplicationSceneManifest_Generation = YES;
				INFOPLIST_KEY_UIApplicationSupportsIndirectInputEvents = YES;
				INFOPLIST_KEY_UILaunchScreen_Generation = YES;
				INFOPLIST_KEY_UISupportedInterfaceOrientations_iPad = "UIInterfaceOrientationPortrait UIInterfaceOrientationPortraitUpsideDown UIInterfaceOrientationLandscapeLeft UIInterfaceOrientationLandscapeRight";
				INFOPLIST_KEY_UISupportedInterfaceOrientations_iPhone = "UIInterfaceOrientationPortrait UIInterfaceOrientationLandscapeLeft UIInterfaceOrientationLandscapeRight";
				LD_RUNPATH_SEARCH_PATHS = (
					"$(inherited)",
					"@executable_path/Frameworks",
				);
				MARKETING_VERSION = 1.0;
				PRODUCT_BUNDLE_IDENTIFIER = baimukhambet.Memes;
				PRODUCT_NAME = "$(TARGET_NAME)";
				SWIFT_EMIT_LOC_STRINGS = YES;
				SWIFT_VERSION = 5.0;
				TARGETED_DEVICE_FAMILY = "1,2";
			};
			name = Debug;
		};
		22082D7C2A4D893300B5520B /* Release */ = {
			isa = XCBuildConfiguration;
			buildSettings = {
				ASSETCATALOG_COMPILER_APPICON_NAME = AppIcon;
				ASSETCATALOG_COMPILER_GLOBAL_ACCENT_COLOR_NAME = AccentColor;
				CODE_SIGN_STYLE = Automatic;
				CURRENT_PROJECT_VERSION = 1;
				DEVELOPMENT_ASSET_PATHS = "\"Memes/Preview Content\"";
				DEVELOPMENT_TEAM = 6Z4T776DC3;
				ENABLE_PREVIEWS = YES;
				GENERATE_INFOPLIST_FILE = YES;
				INFOPLIST_KEY_UIApplicationSceneManifest_Generation = YES;
				INFOPLIST_KEY_UIApplicationSupportsIndirectInputEvents = YES;
				INFOPLIST_KEY_UILaunchScreen_Generation = YES;
				INFOPLIST_KEY_UISupportedInterfaceOrientations_iPad = "UIInterfaceOrientationPortrait UIInterfaceOrientationPortraitUpsideDown UIInterfaceOrientationLandscapeLeft UIInterfaceOrientationLandscapeRight";
				INFOPLIST_KEY_UISupportedInterfaceOrientations_iPhone = "UIInterfaceOrientationPortrait UIInterfaceOrientationLandscapeLeft UIInterfaceOrientationLandscapeRight";
				LD_RUNPATH_SEARCH_PATHS = (
					"$(inherited)",
					"@executable_path/Frameworks",
				);
				MARKETING_VERSION = 1.0;
				PRODUCT_BUNDLE_IDENTIFIER = baimukhambet.Memes;
				PRODUCT_NAME = "$(TARGET_NAME)";
				SWIFT_EMIT_LOC_STRINGS = YES;
				SWIFT_VERSION = 5.0;
				TARGETED_DEVICE_FAMILY = "1,2";
			};
			name = Release;
		};
/* End XCBuildConfiguration section */

/* Begin XCConfigurationList section */
		22082D672A4D893200B5520B /* Build configuration list for PBXProject "Memes" */ = {
			isa = XCConfigurationList;
			buildConfigurations = (
				22082D782A4D893300B5520B /* Debug */,
				22082D792A4D893300B5520B /* Release */,
			);
			defaultConfigurationIsVisible = 0;
			defaultConfigurationName = Release;
		};
		22082D7A2A4D893300B5520B /* Build configuration list for PBXNativeTarget "Memes" */ = {
			isa = XCConfigurationList;
			buildConfigurations = (
				22082D7B2A4D893300B5520B /* Debug */,
				22082D7C2A4D893300B5520B /* Release */,
			);
			defaultConfigurationIsVisible = 0;
			defaultConfigurationName = Release;
		};
/* End XCConfigurationList section */
	};
	rootObject = 22082D642A4D893200B5520B /* Project object */;
}
